
Microsoft Visual Studio Solution File, Format Version 12.00
# Visual Studio Version 17
VisualStudioVersion = 17.1.32319.34
MinimumVisualStudioVersion = 10.0.40219.1
Project("{FAE04EC0-301F-11D3-BF4B-00C04F79EFBC}") = "ExamenIIIParcial", "ExamenIIIParcial\ExamenIIIParcial.csproj", "{84C847B7-262C-45B4-8AFB-BC7D53B86061}"
EndProject
Global
	GlobalSection(SolutionConfigurationPlatforms) = preSolution
		Debug|Any CPU = Debug|Any CPU
		Release|Any CPU = Release|Any CPU
	EndGlobalSection
	GlobalSection(ProjectConfigurationPlatforms) = postSolution
		{84C847B7-262C-45B4-8AFB-BC7D53B86061}.Debug|Any CPU.ActiveCfg = Debug|Any CPU
		{84C847B7-262C-45B4-8AFB-BC7D53B86061}.Debug|Any CPU.Build.0 = Debug|Any CPU
		{84C847B7-262C-45B4-8AFB-BC7D53B86061}.Release|Any CPU.ActiveCfg = Release|Any CPU
		{84C847B7-262C-45B4-8AFB-BC7D53B86061}.Release|Any CPU.Build.0 = Release|Any CPU
	EndGlobalSection
	GlobalSection(SolutionProperties) = preSolution
		HideSolutionNode = FALSE
	EndGlobalSection
	GlobalSection(ExtensibilityGlobals) = postSolution
		SolutionGuid = {BBD4C647-8C0D-4666-8424-94EC780BC3DE}
	EndGlobalSection
EndGlobal
